
Microsoft Visual Studio Solution File, Format Version 12.00
# Visual Studio Version 17
VisualStudioVersion = 17.5.002.0
MinimumVisualStudioVersion = 10.0.40219.1
Project("{9A19103F-16F7-4668-BE54-9A1E7A4F7556}") = "LaptopStoreApi", "LaptopStoreApi.csproj", "{869E7B36-5CAB-40E0-9C02-00832B69F875}"
EndProject
Global
	GlobalSection(SolutionConfigurationPlatforms) = preSolution
		Debug|Any CPU = Debug|Any CPU
		Release|Any CPU = Release|Any CPU
	EndGlobalSection
	GlobalSection(ProjectConfigurationPlatforms) = postSolution
		{869E7B36-5CAB-40E0-9C02-00832B69F875}.Debug|Any CPU.ActiveCfg = Debug|Any CPU
		{869E7B36-5CAB-40E0-9C02-00832B69F875}.Debug|Any CPU.Build.0 = Debug|Any CPU
		{869E7B36-5CAB-40E0-9C02-00832B69F875}.Release|Any CPU.ActiveCfg = Release|Any CPU
		{869E7B36-5CAB-40E0-9C02-00832B69F875}.Release|Any CPU.Build.0 = Release|Any CPU
	EndGlobalSection
	GlobalSection(SolutionProperties) = preSolution
		HideSolutionNode = FALSE
	EndGlobalSection
	GlobalSection(ExtensibilityGlobals) = postSolution
		SolutionGuid = {DA5A53D4-D84D-4A34-86E8-8508B3A4D15B}
	EndGlobalSection
EndGlobal
